// !$*UTF8*$!
{
	archiveVersion = 1;
	classes = {
	};
	objectVersion = 56;
	objects = {

/* Begin PBXBuildFile section */
		F129CB7C29FF7280002F3996 /* PodarkinatorApp.swift in Sources */ = {isa = PBXBuildFile; fileRef = F129CB7B29FF7280002F3996 /* PodarkinatorApp.swift */; };
		F129CB8029FF7281002F3996 /* Assets.xcassets in Resources */ = {isa = PBXBuildFile; fileRef = F129CB7F29FF7281002F3996 /* Assets.xcassets */; };
		F129CB8429FF7281002F3996 /* Preview Assets.xcassets in Resources */ = {isa = PBXBuildFile; fileRef = F129CB8329FF7281002F3996 /* Preview Assets.xcassets */; };
		F129CB9029FF7778002F3996 /* ComposableArchitecture in Frameworks */ = {isa = PBXBuildFile; productRef = F129CB8F29FF7778002F3996 /* ComposableArchitecture */; };
		F129CB9729FF78F5002F3996 /* RootAction.swift in Sources */ = {isa = PBXBuildFile; fileRef = F129CB9229FF78F5002F3996 /* RootAction.swift */; };
		F129CB9829FF78F5002F3996 /* RootView.swift in Sources */ = {isa = PBXBuildFile; fileRef = F129CB9329FF78F5002F3996 /* RootView.swift */; };
		F129CB9929FF78F5002F3996 /* RootEnvironment.swift in Sources */ = {isa = PBXBuildFile; fileRef = F129CB9429FF78F5002F3996 /* RootEnvironment.swift */; };
		F129CB9A29FF78F5002F3996 /* RootReducer.swift in Sources */ = {isa = PBXBuildFile; fileRef = F129CB9529FF78F5002F3996 /* RootReducer.swift */; };
		F129CB9B29FF78F5002F3996 /* RootState.swift in Sources */ = {isa = PBXBuildFile; fileRef = F129CB9629FF78F5002F3996 /* RootState.swift */; };
		F129CBA429FF82E5002F3996 /* MainAction.swift in Sources */ = {isa = PBXBuildFile; fileRef = F129CB9F29FF82E5002F3996 /* MainAction.swift */; };
		F129CBA529FF82E5002F3996 /* MainView.swift in Sources */ = {isa = PBXBuildFile; fileRef = F129CBA029FF82E5002F3996 /* MainView.swift */; };
		F129CBA629FF82E5002F3996 /* MainEnvironment.swift in Sources */ = {isa = PBXBuildFile; fileRef = F129CBA129FF82E5002F3996 /* MainEnvironment.swift */; };
		F129CBA729FF82E5002F3996 /* MainReducer.swift in Sources */ = {isa = PBXBuildFile; fileRef = F129CBA229FF82E5002F3996 /* MainReducer.swift */; };
		F129CBA829FF82E5002F3996 /* MainState.swift in Sources */ = {isa = PBXBuildFile; fileRef = F129CBA329FF82E5002F3996 /* MainState.swift */; };
		F142BBF12A286BD700597045 /* Person.swift in Sources */ = {isa = PBXBuildFile; fileRef = F142BBF02A286BD700597045 /* Person.swift */; };
		F142BBF42A28B34600597045 /* Slide.swift in Sources */ = {isa = PBXBuildFile; fileRef = F142BBF32A28B34600597045 /* Slide.swift */; };
		F142BBF72A28B39800597045 /* Answer.swift in Sources */ = {isa = PBXBuildFile; fileRef = F142BBF62A28B39800597045 /* Answer.swift */; };
		F142BBFA2A28B6EF00597045 /* Present.swift in Sources */ = {isa = PBXBuildFile; fileRef = F142BBF92A28B6EF00597045 /* Present.swift */; };
		F142BBFD2A28B83400597045 /* FlowManager.swift in Sources */ = {isa = PBXBuildFile; fileRef = F142BBFC2A28B83400597045 /* FlowManager.swift */; };
		F142BC022A28BBDE00597045 /* SlideNumber.swift in Sources */ = {isa = PBXBuildFile; fileRef = F142BC012A28BBDE00597045 /* SlideNumber.swift */; };
		F142BC042A29002800597045 /* SlideBuilder.swift in Sources */ = {isa = PBXBuildFile; fileRef = F142BC032A29002800597045 /* SlideBuilder.swift */; };
		F142BC062A29004C00597045 /* AnswersFabric.swift in Sources */ = {isa = PBXBuildFile; fileRef = F142BC052A29004C00597045 /* AnswersFabric.swift */; };
		F142BC092A2C644900597045 /* QuestionFabric.swift in Sources */ = {isa = PBXBuildFile; fileRef = F142BC082A2C644900597045 /* QuestionFabric.swift */; };
		F142BC242A2C73A800597045 /* AnswerParameter.swift in Sources */ = {isa = PBXBuildFile; fileRef = F142BC212A2C73A800597045 /* AnswerParameter.swift */; };
		F14D53662A2F902F00F8155D /* Montserrat-Bold.ttf in Resources */ = {isa = PBXBuildFile; fileRef = F14D53642A2F8FF600F8155D /* Montserrat-Bold.ttf */; };
		F14D53672A2F903200F8155D /* Montserrat-Regular.ttf in Resources */ = {isa = PBXBuildFile; fileRef = F14D53652A2F8FF600F8155D /* Montserrat-Regular.ttf */; };
		F16E32D62A2F28F20023DE0B /* Colors.xcassets in Resources */ = {isa = PBXBuildFile; fileRef = F16E32D52A2F28F20023DE0B /* Colors.xcassets */; };
		F16E32D92A2F29570023DE0B /* Colors.swift in Sources */ = {isa = PBXBuildFile; fileRef = F16E32D82A2F29570023DE0B /* Colors.swift */; };
		F16E32EB2A2F31A30023DE0B /* TopMainAction.swift in Sources */ = {isa = PBXBuildFile; fileRef = F16E32E62A2F31A30023DE0B /* TopMainAction.swift */; };
		F16E32EC2A2F31A30023DE0B /* TopMainView.swift in Sources */ = {isa = PBXBuildFile; fileRef = F16E32E72A2F31A30023DE0B /* TopMainView.swift */; };
		F16E32ED2A2F31A30023DE0B /* TopMainEnvironment.swift in Sources */ = {isa = PBXBuildFile; fileRef = F16E32E82A2F31A30023DE0B /* TopMainEnvironment.swift */; };
		F16E32EE2A2F31A30023DE0B /* TopMainReducer.swift in Sources */ = {isa = PBXBuildFile; fileRef = F16E32E92A2F31A30023DE0B /* TopMainReducer.swift */; };
		F16E32EF2A2F31A30023DE0B /* TopMainState.swift in Sources */ = {isa = PBXBuildFile; fileRef = F16E32EA2A2F31A30023DE0B /* TopMainState.swift */; };
		F16E32F22A2F32D00023DE0B /* Fonts.swift in Sources */ = {isa = PBXBuildFile; fileRef = F16E32F12A2F32D00023DE0B /* Fonts.swift */; };
		F16E32FB2A2F39280023DE0B /* BottomMainAction.swift in Sources */ = {isa = PBXBuildFile; fileRef = F16E32F62A2F39280023DE0B /* BottomMainAction.swift */; };
		F16E32FC2A2F39280023DE0B /* BottomMainView.swift in Sources */ = {isa = PBXBuildFile; fileRef = F16E32F72A2F39280023DE0B /* BottomMainView.swift */; };
		F16E32FD2A2F39280023DE0B /* BottomMainEnvironment.swift in Sources */ = {isa = PBXBuildFile; fileRef = F16E32F82A2F39280023DE0B /* BottomMainEnvironment.swift */; };
		F16E32FE2A2F39280023DE0B /* BottomMainReducer.swift in Sources */ = {isa = PBXBuildFile; fileRef = F16E32F92A2F39280023DE0B /* BottomMainReducer.swift */; };
		F16E32FF2A2F39280023DE0B /* BottomMainState.swift in Sources */ = {isa = PBXBuildFile; fileRef = F16E32FA2A2F39280023DE0B /* BottomMainState.swift */; };
		F16E33082A2F56290023DE0B /* AnswersAction.swift in Sources */ = {isa = PBXBuildFile; fileRef = F16E33032A2F56290023DE0B /* AnswersAction.swift */; };
		F16E33092A2F56290023DE0B /* AnswersView.swift in Sources */ = {isa = PBXBuildFile; fileRef = F16E33042A2F56290023DE0B /* AnswersView.swift */; };
		F16E330A2A2F56290023DE0B /* AnswersEnvironment.swift in Sources */ = {isa = PBXBuildFile; fileRef = F16E33052A2F56290023DE0B /* AnswersEnvironment.swift */; };
		F16E330B2A2F56290023DE0B /* AnswersReducer.swift in Sources */ = {isa = PBXBuildFile; fileRef = F16E33062A2F56290023DE0B /* AnswersReducer.swift */; };
		F16E330C2A2F56290023DE0B /* AnswersState.swift in Sources */ = {isa = PBXBuildFile; fileRef = F16E33072A2F56290023DE0B /* AnswersState.swift */; };
		F16E33142A2F564E0023DE0B /* SingleAnswerAction.swift in Sources */ = {isa = PBXBuildFile; fileRef = F16E330F2A2F564D0023DE0B /* SingleAnswerAction.swift */; };
		F16E33152A2F564E0023DE0B /* SingleAnswerView.swift in Sources */ = {isa = PBXBuildFile; fileRef = F16E33102A2F564D0023DE0B /* SingleAnswerView.swift */; };
		F16E33162A2F564E0023DE0B /* SingleAnswerEnvironment.swift in Sources */ = {isa = PBXBuildFile; fileRef = F16E33112A2F564D0023DE0B /* SingleAnswerEnvironment.swift */; };
		F16E33172A2F564E0023DE0B /* SingleAnswerReducer.swift in Sources */ = {isa = PBXBuildFile; fileRef = F16E33122A2F564D0023DE0B /* SingleAnswerReducer.swift */; };
		F16E33182A2F564E0023DE0B /* SingleAnswerState.swift in Sources */ = {isa = PBXBuildFile; fileRef = F16E33132A2F564E0023DE0B /* SingleAnswerState.swift */; };
		F16E331D2A2F5AC00023DE0B /* ScaleOnTap.swift in Sources */ = {isa = PBXBuildFile; fileRef = F16E331C2A2F5AC00023DE0B /* ScaleOnTap.swift */; };
		F1B31C982A34AF7100DC1D59 /* NameInputAction.swift in Sources */ = {isa = PBXBuildFile; fileRef = F1B31C932A34AF7100DC1D59 /* NameInputAction.swift */; };
		F1B31C992A34AF7100DC1D59 /* NameInputView.swift in Sources */ = {isa = PBXBuildFile; fileRef = F1B31C942A34AF7100DC1D59 /* NameInputView.swift */; };
		F1B31C9A2A34AF7100DC1D59 /* NameInputEnvironment.swift in Sources */ = {isa = PBXBuildFile; fileRef = F1B31C952A34AF7100DC1D59 /* NameInputEnvironment.swift */; };
		F1B31C9B2A34AF7100DC1D59 /* NameInputReducer.swift in Sources */ = {isa = PBXBuildFile; fileRef = F1B31C962A34AF7100DC1D59 /* NameInputReducer.swift */; };
		F1B31C9C2A34AF7100DC1D59 /* NameInputState.swift in Sources */ = {isa = PBXBuildFile; fileRef = F1B31C972A34AF7100DC1D59 /* NameInputState.swift */; };
		F1B31CA42A34B33800DC1D59 /* NumberInputAction.swift in Sources */ = {isa = PBXBuildFile; fileRef = F1B31C9F2A34B33800DC1D59 /* NumberInputAction.swift */; };
		F1B31CA52A34B33800DC1D59 /* NumberInputView.swift in Sources */ = {isa = PBXBuildFile; fileRef = F1B31CA02A34B33800DC1D59 /* NumberInputView.swift */; };
		F1B31CA62A34B33800DC1D59 /* NumberInputEnvironment.swift in Sources */ = {isa = PBXBuildFile; fileRef = F1B31CA12A34B33800DC1D59 /* NumberInputEnvironment.swift */; };
		F1B31CA72A34B33800DC1D59 /* NumberInputReducer.swift in Sources */ = {isa = PBXBuildFile; fileRef = F1B31CA22A34B33800DC1D59 /* NumberInputReducer.swift */; };
		F1B31CA82A34B33800DC1D59 /* NumberInputState.swift in Sources */ = {isa = PBXBuildFile; fileRef = F1B31CA32A34B33800DC1D59 /* NumberInputState.swift */; };
		F1B31CBC2A35028500DC1D59 /* CustomInputsAction.swift in Sources */ = {isa = PBXBuildFile; fileRef = F1B31CB72A35028500DC1D59 /* CustomInputsAction.swift */; };
		F1B31CBD2A35028500DC1D59 /* CustomInputsView.swift in Sources */ = {isa = PBXBuildFile; fileRef = F1B31CB82A35028500DC1D59 /* CustomInputsView.swift */; };
		F1B31CBE2A35028500DC1D59 /* CustomInputsEnvironment.swift in Sources */ = {isa = PBXBuildFile; fileRef = F1B31CB92A35028500DC1D59 /* CustomInputsEnvironment.swift */; };
		F1B31CBF2A35028500DC1D59 /* CustomInputsReducer.swift in Sources */ = {isa = PBXBuildFile; fileRef = F1B31CBA2A35028500DC1D59 /* CustomInputsReducer.swift */; };
		F1B31CC02A35028500DC1D59 /* CustomInputsState.swift in Sources */ = {isa = PBXBuildFile; fileRef = F1B31CBB2A35028500DC1D59 /* CustomInputsState.swift */; };
/* End PBXBuildFile section */

/* Begin PBXFileReference section */
		F129CB7829FF7280002F3996 /* Podarkinator.app */ = {isa = PBXFileReference; explicitFileType = wrapper.application; includeInIndex = 0; path = Podarkinator.app; sourceTree = BUILT_PRODUCTS_DIR; };
		F129CB7B29FF7280002F3996 /* PodarkinatorApp.swift */ = {isa = PBXFileReference; lastKnownFileType = sourcecode.swift; path = PodarkinatorApp.swift; sourceTree = "<group>"; };
		F129CB7F29FF7281002F3996 /* Assets.xcassets */ = {isa = PBXFileReference; lastKnownFileType = folder.assetcatalog; path = Assets.xcassets; sourceTree = "<group>"; };
		F129CB8129FF7281002F3996 /* Podarkinator.entitlements */ = {isa = PBXFileReference; lastKnownFileType = text.plist.entitlements; path = Podarkinator.entitlements; sourceTree = "<group>"; };
		F129CB8329FF7281002F3996 /* Preview Assets.xcassets */ = {isa = PBXFileReference; lastKnownFileType = folder.assetcatalog; path = "Preview Assets.xcassets"; sourceTree = "<group>"; };
		F129CB9229FF78F5002F3996 /* RootAction.swift */ = {isa = PBXFileReference; lastKnownFileType = sourcecode.swift; path = RootAction.swift; sourceTree = "<group>"; };
		F129CB9329FF78F5002F3996 /* RootView.swift */ = {isa = PBXFileReference; lastKnownFileType = sourcecode.swift; path = RootView.swift; sourceTree = "<group>"; };
		F129CB9429FF78F5002F3996 /* RootEnvironment.swift */ = {isa = PBXFileReference; lastKnownFileType = sourcecode.swift; path = RootEnvironment.swift; sourceTree = "<group>"; };
		F129CB9529FF78F5002F3996 /* RootReducer.swift */ = {isa = PBXFileReference; lastKnownFileType = sourcecode.swift; path = RootReducer.swift; sourceTree = "<group>"; };
		F129CB9629FF78F5002F3996 /* RootState.swift */ = {isa = PBXFileReference; lastKnownFileType = sourcecode.swift; path = RootState.swift; sourceTree = "<group>"; };
		F129CB9F29FF82E5002F3996 /* MainAction.swift */ = {isa = PBXFileReference; lastKnownFileType = sourcecode.swift; path = MainAction.swift; sourceTree = "<group>"; };
		F129CBA029FF82E5002F3996 /* MainView.swift */ = {isa = PBXFileReference; lastKnownFileType = sourcecode.swift; path = MainView.swift; sourceTree = "<group>"; };
		F129CBA129FF82E5002F3996 /* MainEnvironment.swift */ = {isa = PBXFileReference; lastKnownFileType = sourcecode.swift; path = MainEnvironment.swift; sourceTree = "<group>"; };
		F129CBA229FF82E5002F3996 /* MainReducer.swift */ = {isa = PBXFileReference; lastKnownFileType = sourcecode.swift; path = MainReducer.swift; sourceTree = "<group>"; };
		F129CBA329FF82E5002F3996 /* MainState.swift */ = {isa = PBXFileReference; lastKnownFileType = sourcecode.swift; path = MainState.swift; sourceTree = "<group>"; };
		F142BBF02A286BD700597045 /* Person.swift */ = {isa = PBXFileReference; lastKnownFileType = sourcecode.swift; path = Person.swift; sourceTree = "<group>"; };
		F142BBF32A28B34600597045 /* Slide.swift */ = {isa = PBXFileReference; lastKnownFileType = sourcecode.swift; path = Slide.swift; sourceTree = "<group>"; };
		F142BBF62A28B39800597045 /* Answer.swift */ = {isa = PBXFileReference; lastKnownFileType = sourcecode.swift; path = Answer.swift; sourceTree = "<group>"; };
		F142BBF92A28B6EF00597045 /* Present.swift */ = {isa = PBXFileReference; lastKnownFileType = sourcecode.swift; path = Present.swift; sourceTree = "<group>"; };
		F142BBFC2A28B83400597045 /* FlowManager.swift */ = {isa = PBXFileReference; lastKnownFileType = sourcecode.swift; path = FlowManager.swift; sourceTree = "<group>"; };
		F142BC012A28BBDE00597045 /* SlideNumber.swift */ = {isa = PBXFileReference; lastKnownFileType = sourcecode.swift; path = SlideNumber.swift; sourceTree = "<group>"; };
		F142BC032A29002800597045 /* SlideBuilder.swift */ = {isa = PBXFileReference; lastKnownFileType = sourcecode.swift; path = SlideBuilder.swift; sourceTree = "<group>"; };
		F142BC052A29004C00597045 /* AnswersFabric.swift */ = {isa = PBXFileReference; lastKnownFileType = sourcecode.swift; path = AnswersFabric.swift; sourceTree = "<group>"; };
		F142BC082A2C644900597045 /* QuestionFabric.swift */ = {isa = PBXFileReference; lastKnownFileType = sourcecode.swift; path = QuestionFabric.swift; sourceTree = "<group>"; };
		F142BC212A2C73A800597045 /* AnswerParameter.swift */ = {isa = PBXFileReference; fileEncoding = 4; lastKnownFileType = sourcecode.swift; path = AnswerParameter.swift; sourceTree = "<group>"; };
		F14D53642A2F8FF600F8155D /* Montserrat-Bold.ttf */ = {isa = PBXFileReference; lastKnownFileType = file; path = "Montserrat-Bold.ttf"; sourceTree = "<group>"; };
		F14D53652A2F8FF600F8155D /* Montserrat-Regular.ttf */ = {isa = PBXFileReference; lastKnownFileType = file; path = "Montserrat-Regular.ttf"; sourceTree = "<group>"; };
		F16E32D52A2F28F20023DE0B /* Colors.xcassets */ = {isa = PBXFileReference; lastKnownFileType = folder.assetcatalog; path = Colors.xcassets; sourceTree = "<group>"; };
		F16E32D82A2F29570023DE0B /* Colors.swift */ = {isa = PBXFileReference; lastKnownFileType = sourcecode.swift; path = Colors.swift; sourceTree = "<group>"; };
		F16E32E62A2F31A30023DE0B /* TopMainAction.swift */ = {isa = PBXFileReference; lastKnownFileType = sourcecode.swift; path = TopMainAction.swift; sourceTree = "<group>"; };
		F16E32E72A2F31A30023DE0B /* TopMainView.swift */ = {isa = PBXFileReference; lastKnownFileType = sourcecode.swift; path = TopMainView.swift; sourceTree = "<group>"; };
		F16E32E82A2F31A30023DE0B /* TopMainEnvironment.swift */ = {isa = PBXFileReference; lastKnownFileType = sourcecode.swift; path = TopMainEnvironment.swift; sourceTree = "<group>"; };
		F16E32E92A2F31A30023DE0B /* TopMainReducer.swift */ = {isa = PBXFileReference; lastKnownFileType = sourcecode.swift; path = TopMainReducer.swift; sourceTree = "<group>"; };
		F16E32EA2A2F31A30023DE0B /* TopMainState.swift */ = {isa = PBXFileReference; lastKnownFileType = sourcecode.swift; path = TopMainState.swift; sourceTree = "<group>"; };
		F16E32F12A2F32D00023DE0B /* Fonts.swift */ = {isa = PBXFileReference; lastKnownFileType = sourcecode.swift; path = Fonts.swift; sourceTree = "<group>"; };
		F16E32F42A2F33400023DE0B /* Info.plist */ = {isa = PBXFileReference; lastKnownFileType = text.plist; path = Info.plist; sourceTree = "<group>"; };
		F16E32F62A2F39280023DE0B /* BottomMainAction.swift */ = {isa = PBXFileReference; lastKnownFileType = sourcecode.swift; path = BottomMainAction.swift; sourceTree = "<group>"; };
		F16E32F72A2F39280023DE0B /* BottomMainView.swift */ = {isa = PBXFileReference; lastKnownFileType = sourcecode.swift; path = BottomMainView.swift; sourceTree = "<group>"; };
		F16E32F82A2F39280023DE0B /* BottomMainEnvironment.swift */ = {isa = PBXFileReference; lastKnownFileType = sourcecode.swift; path = BottomMainEnvironment.swift; sourceTree = "<group>"; };
		F16E32F92A2F39280023DE0B /* BottomMainReducer.swift */ = {isa = PBXFileReference; lastKnownFileType = sourcecode.swift; path = BottomMainReducer.swift; sourceTree = "<group>"; };
		F16E32FA2A2F39280023DE0B /* BottomMainState.swift */ = {isa = PBXFileReference; lastKnownFileType = sourcecode.swift; path = BottomMainState.swift; sourceTree = "<group>"; };
		F16E33032A2F56290023DE0B /* AnswersAction.swift */ = {isa = PBXFileReference; lastKnownFileType = sourcecode.swift; path = AnswersAction.swift; sourceTree = "<group>"; };
		F16E33042A2F56290023DE0B /* AnswersView.swift */ = {isa = PBXFileReference; lastKnownFileType = sourcecode.swift; path = AnswersView.swift; sourceTree = "<group>"; };
		F16E33052A2F56290023DE0B /* AnswersEnvironment.swift */ = {isa = PBXFileReference; lastKnownFileType = sourcecode.swift; path = AnswersEnvironment.swift; sourceTree = "<group>"; };
		F16E33062A2F56290023DE0B /* AnswersReducer.swift */ = {isa = PBXFileReference; lastKnownFileType = sourcecode.swift; path = AnswersReducer.swift; sourceTree = "<group>"; };
		F16E33072A2F56290023DE0B /* AnswersState.swift */ = {isa = PBXFileReference; lastKnownFileType = sourcecode.swift; path = AnswersState.swift; sourceTree = "<group>"; };
		F16E330F2A2F564D0023DE0B /* SingleAnswerAction.swift */ = {isa = PBXFileReference; lastKnownFileType = sourcecode.swift; path = SingleAnswerAction.swift; sourceTree = "<group>"; };
		F16E33102A2F564D0023DE0B /* SingleAnswerView.swift */ = {isa = PBXFileReference; lastKnownFileType = sourcecode.swift; path = SingleAnswerView.swift; sourceTree = "<group>"; };
		F16E33112A2F564D0023DE0B /* SingleAnswerEnvironment.swift */ = {isa = PBXFileReference; lastKnownFileType = sourcecode.swift; path = SingleAnswerEnvironment.swift; sourceTree = "<group>"; };
		F16E33122A2F564D0023DE0B /* SingleAnswerReducer.swift */ = {isa = PBXFileReference; lastKnownFileType = sourcecode.swift; path = SingleAnswerReducer.swift; sourceTree = "<group>"; };
		F16E33132A2F564E0023DE0B /* SingleAnswerState.swift */ = {isa = PBXFileReference; lastKnownFileType = sourcecode.swift; path = SingleAnswerState.swift; sourceTree = "<group>"; };
		F16E331C2A2F5AC00023DE0B /* ScaleOnTap.swift */ = {isa = PBXFileReference; lastKnownFileType = sourcecode.swift; path = ScaleOnTap.swift; sourceTree = "<group>"; };
		F1B31C932A34AF7100DC1D59 /* NameInputAction.swift */ = {isa = PBXFileReference; lastKnownFileType = sourcecode.swift; path = NameInputAction.swift; sourceTree = "<group>"; };
		F1B31C942A34AF7100DC1D59 /* NameInputView.swift */ = {isa = PBXFileReference; lastKnownFileType = sourcecode.swift; path = NameInputView.swift; sourceTree = "<group>"; };
		F1B31C952A34AF7100DC1D59 /* NameInputEnvironment.swift */ = {isa = PBXFileReference; lastKnownFileType = sourcecode.swift; path = NameInputEnvironment.swift; sourceTree = "<group>"; };
		F1B31C962A34AF7100DC1D59 /* NameInputReducer.swift */ = {isa = PBXFileReference; lastKnownFileType = sourcecode.swift; path = NameInputReducer.swift; sourceTree = "<group>"; };
		F1B31C972A34AF7100DC1D59 /* NameInputState.swift */ = {isa = PBXFileReference; lastKnownFileType = sourcecode.swift; path = NameInputState.swift; sourceTree = "<group>"; };
		F1B31C9F2A34B33800DC1D59 /* NumberInputAction.swift */ = {isa = PBXFileReference; lastKnownFileType = sourcecode.swift; path = NumberInputAction.swift; sourceTree = "<group>"; };
		F1B31CA02A34B33800DC1D59 /* NumberInputView.swift */ = {isa = PBXFileReference; lastKnownFileType = sourcecode.swift; path = NumberInputView.swift; sourceTree = "<group>"; };
		F1B31CA12A34B33800DC1D59 /* NumberInputEnvironment.swift */ = {isa = PBXFileReference; lastKnownFileType = sourcecode.swift; path = NumberInputEnvironment.swift; sourceTree = "<group>"; };
		F1B31CA22A34B33800DC1D59 /* NumberInputReducer.swift */ = {isa = PBXFileReference; lastKnownFileType = sourcecode.swift; path = NumberInputReducer.swift; sourceTree = "<group>"; };
		F1B31CA32A34B33800DC1D59 /* NumberInputState.swift */ = {isa = PBXFileReference; lastKnownFileType = sourcecode.swift; path = NumberInputState.swift; sourceTree = "<group>"; };
		F1B31CB72A35028500DC1D59 /* CustomInputsAction.swift */ = {isa = PBXFileReference; lastKnownFileType = sourcecode.swift; path = CustomInputsAction.swift; sourceTree = "<group>"; };
		F1B31CB82A35028500DC1D59 /* CustomInputsView.swift */ = {isa = PBXFileReference; lastKnownFileType = sourcecode.swift; path = CustomInputsView.swift; sourceTree = "<group>"; };
		F1B31CB92A35028500DC1D59 /* CustomInputsEnvironment.swift */ = {isa = PBXFileReference; lastKnownFileType = sourcecode.swift; path = CustomInputsEnvironment.swift; sourceTree = "<group>"; };
		F1B31CBA2A35028500DC1D59 /* CustomInputsReducer.swift */ = {isa = PBXFileReference; lastKnownFileType = sourcecode.swift; path = CustomInputsReducer.swift; sourceTree = "<group>"; };
		F1B31CBB2A35028500DC1D59 /* CustomInputsState.swift */ = {isa = PBXFileReference; lastKnownFileType = sourcecode.swift; path = CustomInputsState.swift; sourceTree = "<group>"; };
/* End PBXFileReference section */

/* Begin PBXFrameworksBuildPhase section */
		F129CB7529FF7280002F3996 /* Frameworks */ = {
			isa = PBXFrameworksBuildPhase;
			buildActionMask = 2147483647;
			files = (
				F129CB9029FF7778002F3996 /* ComposableArchitecture in Frameworks */,
			);
			runOnlyForDeploymentPostprocessing = 0;
		};
/* End PBXFrameworksBuildPhase section */

/* Begin PBXGroup section */
		F129CB6F29FF7280002F3996 = {
			isa = PBXGroup;
			children = (
				F129CB7A29FF7280002F3996 /* Podarkinator */,
				F129CB7929FF7280002F3996 /* Products */,
			);
			sourceTree = "<group>";
		};
		F129CB7929FF7280002F3996 /* Products */ = {
			isa = PBXGroup;
			children = (
				F129CB7829FF7280002F3996 /* Podarkinator.app */,
			);
			name = Products;
			sourceTree = "<group>";
		};
		F129CB7A29FF7280002F3996 /* Podarkinator */ = {
			isa = PBXGroup;
			children = (
				F16E32F42A2F33400023DE0B /* Info.plist */,
				F129CB8B29FF7339002F3996 /* App */,
				F1870C5029FF919D001F327E /* Model */,
				F129CB8A29FF7318002F3996 /* Modules */,
				F16E331A2A2F5AA20023DE0B /* Sources */,
				F129CB8C29FF734A002F3996 /* Resources */,
				F129CB8229FF7281002F3996 /* Preview Content */,
			);
			path = Podarkinator;
			sourceTree = "<group>";
		};
		F129CB8229FF7281002F3996 /* Preview Content */ = {
			isa = PBXGroup;
			children = (
				F129CB8329FF7281002F3996 /* Preview Assets.xcassets */,
			);
			path = "Preview Content";
			sourceTree = "<group>";
		};
		F129CB8A29FF7318002F3996 /* Modules */ = {
			isa = PBXGroup;
			children = (
				F129CB9129FF78E5002F3996 /* Root */,
				F129CB9E29FF8237002F3996 /* Main */,
			);
			path = Modules;
			sourceTree = "<group>";
		};
		F129CB8B29FF7339002F3996 /* App */ = {
			isa = PBXGroup;
			children = (
				F129CB8129FF7281002F3996 /* Podarkinator.entitlements */,
				F129CB7B29FF7280002F3996 /* PodarkinatorApp.swift */,
			);
			path = App;
			sourceTree = "<group>";
		};
		F129CB8C29FF734A002F3996 /* Resources */ = {
			isa = PBXGroup;
			children = (
				F16E32F02A2F32C30023DE0B /* Fonts */,
				F16E32D72A2F294A0023DE0B /* Colors */,
				F129CB7F29FF7281002F3996 /* Assets.xcassets */,
			);
			path = Resources;
			sourceTree = "<group>";
		};
		F129CB9129FF78E5002F3996 /* Root */ = {
			isa = PBXGroup;
			children = (
				F129CB9C29FF78F9002F3996 /* UDF */,
				F129CB9D29FF7908002F3996 /* Views */,
			);
			path = Root;
			sourceTree = "<group>";
		};
		F129CB9C29FF78F9002F3996 /* UDF */ = {
			isa = PBXGroup;
			children = (
				F129CB9229FF78F5002F3996 /* RootAction.swift */,
				F129CB9429FF78F5002F3996 /* RootEnvironment.swift */,
				F129CB9529FF78F5002F3996 /* RootReducer.swift */,
				F129CB9629FF78F5002F3996 /* RootState.swift */,
			);
			path = UDF;
			sourceTree = "<group>";
		};
		F129CB9D29FF7908002F3996 /* Views */ = {
			isa = PBXGroup;
			children = (
				F129CB9329FF78F5002F3996 /* RootView.swift */,
			);
			path = Views;
			sourceTree = "<group>";
		};
		F129CB9E29FF8237002F3996 /* Main */ = {
			isa = PBXGroup;
			children = (
				F129CBA929FF82E9002F3996 /* UDF */,
				F129CBAA29FF82F2002F3996 /* Views */,
			);
			path = Main;
			sourceTree = "<group>";
		};
		F129CBA929FF82E9002F3996 /* UDF */ = {
			isa = PBXGroup;
			children = (
				F129CB9F29FF82E5002F3996 /* MainAction.swift */,
				F129CBA129FF82E5002F3996 /* MainEnvironment.swift */,
				F129CBA229FF82E5002F3996 /* MainReducer.swift */,
				F129CBA329FF82E5002F3996 /* MainState.swift */,
			);
			path = UDF;
			sourceTree = "<group>";
		};
		F129CBAA29FF82F2002F3996 /* Views */ = {
			isa = PBXGroup;
			children = (
				F16E32E52A2F31840023DE0B /* TopMain */,
				F16E32F52A2F39100023DE0B /* BottomMain */,
				F129CBA029FF82E5002F3996 /* MainView.swift */,
			);
			path = Views;
			sourceTree = "<group>";
		};
		F142BBF52A28B38F00597045 /* Answer */ = {
			isa = PBXGroup;
			children = (
				F142BBF62A28B39800597045 /* Answer.swift */,
				F142BC212A2C73A800597045 /* AnswerParameter.swift */,
				F142BC052A29004C00597045 /* AnswersFabric.swift */,
			);
			path = Answer;
			sourceTree = "<group>";
		};
		F142BBF82A28B6E200597045 /* Present */ = {
			isa = PBXGroup;
			children = (
				F142BBF92A28B6EF00597045 /* Present.swift */,
			);
			path = Present;
			sourceTree = "<group>";
		};
		F142BBFB2A28B82900597045 /* Flow */ = {
			isa = PBXGroup;
			children = (
				F142BBFC2A28B83400597045 /* FlowManager.swift */,
			);
			path = Flow;
			sourceTree = "<group>";
		};
		F142BC002A28BA6300597045 /* Slide */ = {
			isa = PBXGroup;
			children = (
				F142BBF32A28B34600597045 /* Slide.swift */,
				F142BC012A28BBDE00597045 /* SlideNumber.swift */,
				F142BC032A29002800597045 /* SlideBuilder.swift */,
			);
			path = Slide;
			sourceTree = "<group>";
		};
		F142BC072A2C642C00597045 /* Question */ = {
			isa = PBXGroup;
			children = (
				F142BC082A2C644900597045 /* QuestionFabric.swift */,
			);
			path = Question;
			sourceTree = "<group>";
		};
		F142BC0A2A2C734B00597045 /* New */ = {
			isa = PBXGroup;
			children = (
				F142BBFB2A28B82900597045 /* Flow */,
				F142BBF82A28B6E200597045 /* Present */,
				F142BC072A2C642C00597045 /* Question */,
				F142BBF52A28B38F00597045 /* Answer */,
				F142BBF02A286BD700597045 /* Person.swift */,
				F142BC002A28BA6300597045 /* Slide */,
			);
			path = New;
			sourceTree = "<group>";
		};
		F14D53682A2F928800F8155D /* Single Answer */ = {
			isa = PBXGroup;
			children = (
				F16E33192A2F56510023DE0B /* UDF */,
				F16E33102A2F564D0023DE0B /* SingleAnswerView.swift */,
			);
			path = "Single Answer";
			sourceTree = "<group>";
		};
		F16E32D72A2F294A0023DE0B /* Colors */ = {
			isa = PBXGroup;
			children = (
				F16E32D52A2F28F20023DE0B /* Colors.xcassets */,
				F16E32D82A2F29570023DE0B /* Colors.swift */,
			);
			path = Colors;
			sourceTree = "<group>";
		};
		F16E32E52A2F31840023DE0B /* TopMain */ = {
			isa = PBXGroup;
			children = (
				F1DAA8F02A3780D700F3D7B7 /* UDF */,
				F16E32E72A2F31A30023DE0B /* TopMainView.swift */,
			);
			path = TopMain;
			sourceTree = "<group>";
		};
		F16E32F02A2F32C30023DE0B /* Fonts */ = {
			isa = PBXGroup;
			children = (
				F14D53642A2F8FF600F8155D /* Montserrat-Bold.ttf */,
				F14D53652A2F8FF600F8155D /* Montserrat-Regular.ttf */,
				F16E32F12A2F32D00023DE0B /* Fonts.swift */,
			);
			path = Fonts;
			sourceTree = "<group>";
		};
		F16E32F52A2F39100023DE0B /* BottomMain */ = {
			isa = PBXGroup;
			children = (
				F16E33002A2F55E70023DE0B /* UDF */,
				F16E33012A2F55F50023DE0B /* Views */,
				F16E32F72A2F39280023DE0B /* BottomMainView.swift */,
			);
			path = BottomMain;
			sourceTree = "<group>";
		};
		F16E33002A2F55E70023DE0B /* UDF */ = {
			isa = PBXGroup;
			children = (
				F16E32F62A2F39280023DE0B /* BottomMainAction.swift */,
				F16E32F82A2F39280023DE0B /* BottomMainEnvironment.swift */,
				F16E32F92A2F39280023DE0B /* BottomMainReducer.swift */,
				F16E32FA2A2F39280023DE0B /* BottomMainState.swift */,
			);
			path = UDF;
			sourceTree = "<group>";
		};
		F16E33012A2F55F50023DE0B /* Views */ = {
			isa = PBXGroup;
			children = (
				F1B31C912A34AF1400DC1D59 /* Custom Inputs */,
				F16E33022A2F56150023DE0B /* Answers */,
			);
			path = Views;
			sourceTree = "<group>";
		};
		F16E33022A2F56150023DE0B /* Answers */ = {
			isa = PBXGroup;
			children = (
				F16E330D2A2F562C0023DE0B /* UDF */,
				F16E330E2A2F563C0023DE0B /* Views */,
				F16E33042A2F56290023DE0B /* AnswersView.swift */,
			);
			path = Answers;
			sourceTree = "<group>";
		};
		F16E330D2A2F562C0023DE0B /* UDF */ = {
			isa = PBXGroup;
			children = (
				F16E33032A2F56290023DE0B /* AnswersAction.swift */,
				F16E33052A2F56290023DE0B /* AnswersEnvironment.swift */,
				F16E33062A2F56290023DE0B /* AnswersReducer.swift */,
				F16E33072A2F56290023DE0B /* AnswersState.swift */,
			);
			path = UDF;
			sourceTree = "<group>";
		};
		F16E330E2A2F563C0023DE0B /* Views */ = {
			isa = PBXGroup;
			children = (
				F14D53682A2F928800F8155D /* Single Answer */,
			);
			path = Views;
			sourceTree = "<group>";
		};
		F16E33192A2F56510023DE0B /* UDF */ = {
			isa = PBXGroup;
			children = (
				F16E330F2A2F564D0023DE0B /* SingleAnswerAction.swift */,
				F16E33112A2F564D0023DE0B /* SingleAnswerEnvironment.swift */,
				F16E33122A2F564D0023DE0B /* SingleAnswerReducer.swift */,
				F16E33132A2F564E0023DE0B /* SingleAnswerState.swift */,
			);
			path = UDF;
			sourceTree = "<group>";
		};
		F16E331A2A2F5AA20023DE0B /* Sources */ = {
			isa = PBXGroup;
			children = (
				F16E331B2A2F5AAF0023DE0B /* View Modifiers */,
			);
			path = Sources;
			sourceTree = "<group>";
		};
		F16E331B2A2F5AAF0023DE0B /* View Modifiers */ = {
			isa = PBXGroup;
			children = (
				F16E331C2A2F5AC00023DE0B /* ScaleOnTap.swift */,
			);
			path = "View Modifiers";
			sourceTree = "<group>";
		};
		F1870C5029FF919D001F327E /* Model */ = {
			isa = PBXGroup;
			children = (
				F142BC0A2A2C734B00597045 /* New */,
			);
			path = Model;
			sourceTree = "<group>";
		};
		F1B31C912A34AF1400DC1D59 /* Custom Inputs */ = {
			isa = PBXGroup;
			children = (
				F1B31CC12A350A6500DC1D59 /* UDF */,
				F1B31CC22A350A9D00DC1D59 /* Views */,
				F1B31CB82A35028500DC1D59 /* CustomInputsView.swift */,
			);
			path = "Custom Inputs";
			sourceTree = "<group>";
		};
		F1B31C922A34AF2000DC1D59 /* Name Input */ = {
			isa = PBXGroup;
			children = (
				F1B31C9D2A34AF7600DC1D59 /* UDF */,
				F1B31C942A34AF7100DC1D59 /* NameInputView.swift */,
			);
			path = "Name Input";
			sourceTree = "<group>";
		};
		F1B31C9D2A34AF7600DC1D59 /* UDF */ = {
			isa = PBXGroup;
			children = (
				F1B31C932A34AF7100DC1D59 /* NameInputAction.swift */,
				F1B31C952A34AF7100DC1D59 /* NameInputEnvironment.swift */,
				F1B31C962A34AF7100DC1D59 /* NameInputReducer.swift */,
				F1B31C972A34AF7100DC1D59 /* NameInputState.swift */,
			);
			path = UDF;
			sourceTree = "<group>";
		};
		F1B31C9E2A34B27500DC1D59 /* Number Input */ = {
			isa = PBXGroup;
			children = (
				F1B31CA92A34B33B00DC1D59 /* UDF */,
				F1B31CA02A34B33800DC1D59 /* NumberInputView.swift */,
			);
			path = "Number Input";
			sourceTree = "<group>";
		};
		F1B31CA92A34B33B00DC1D59 /* UDF */ = {
			isa = PBXGroup;
			children = (
				F1B31C9F2A34B33800DC1D59 /* NumberInputAction.swift */,
				F1B31CA12A34B33800DC1D59 /* NumberInputEnvironment.swift */,
				F1B31CA22A34B33800DC1D59 /* NumberInputReducer.swift */,
				F1B31CA32A34B33800DC1D59 /* NumberInputState.swift */,
			);
			path = UDF;
			sourceTree = "<group>";
		};
		F1B31CC12A350A6500DC1D59 /* UDF */ = {
			isa = PBXGroup;
			children = (
				F1B31CB72A35028500DC1D59 /* CustomInputsAction.swift */,
				F1B31CB92A35028500DC1D59 /* CustomInputsEnvironment.swift */,
				F1B31CBA2A35028500DC1D59 /* CustomInputsReducer.swift */,
				F1B31CBB2A35028500DC1D59 /* CustomInputsState.swift */,
			);
			path = UDF;
			sourceTree = "<group>";
		};
		F1B31CC22A350A9D00DC1D59 /* Views */ = {
			isa = PBXGroup;
			children = (
				F1B31C922A34AF2000DC1D59 /* Name Input */,
				F1B31C9E2A34B27500DC1D59 /* Number Input */,
			);
			path = Views;
			sourceTree = "<group>";
		};
		F1DAA8F02A3780D700F3D7B7 /* UDF */ = {
			isa = PBXGroup;
			children = (
				F16E32E62A2F31A30023DE0B /* TopMainAction.swift */,
				F16E32E82A2F31A30023DE0B /* TopMainEnvironment.swift */,
				F16E32E92A2F31A30023DE0B /* TopMainReducer.swift */,
				F16E32EA2A2F31A30023DE0B /* TopMainState.swift */,
			);
			path = UDF;
			sourceTree = "<group>";
		};
/* End PBXGroup section */

/* Begin PBXNativeTarget section */
		F129CB7729FF7280002F3996 /* Podarkinator */ = {
			isa = PBXNativeTarget;
			buildConfigurationList = F129CB8729FF7281002F3996 /* Build configuration list for PBXNativeTarget "Podarkinator" */;
			buildPhases = (
				F129CB7429FF7280002F3996 /* Sources */,
				F129CB7529FF7280002F3996 /* Frameworks */,
				F129CB7629FF7280002F3996 /* Resources */,
			);
			buildRules = (
			);
			dependencies = (
			);
			name = Podarkinator;
			packageProductDependencies = (
				F129CB8F29FF7778002F3996 /* ComposableArchitecture */,
			);
			productName = Podarkinator;
			productReference = F129CB7829FF7280002F3996 /* Podarkinator.app */;
			productType = "com.apple.product-type.application";
		};
/* End PBXNativeTarget section */

/* Begin PBXProject section */
		F129CB7029FF7280002F3996 /* Project object */ = {
			isa = PBXProject;
			attributes = {
				BuildIndependentTargetsInParallel = 1;
				LastSwiftUpdateCheck = 1430;
				LastUpgradeCheck = 1430;
				TargetAttributes = {
					F129CB7729FF7280002F3996 = {
						CreatedOnToolsVersion = 14.3;
					};
				};
			};
			buildConfigurationList = F129CB7329FF7280002F3996 /* Build configuration list for PBXProject "Podarkinator" */;
			compatibilityVersion = "Xcode 14.0";
			developmentRegion = en;
			hasScannedForEncodings = 0;
			knownRegions = (
				en,
				Base,
			);
			mainGroup = F129CB6F29FF7280002F3996;
			packageReferences = (
				F129CB8E29FF7778002F3996 /* XCRemoteSwiftPackageReference "swift-composable-architecture" */,
			);
			productRefGroup = F129CB7929FF7280002F3996 /* Products */;
			projectDirPath = "";
			projectRoot = "";
			targets = (
				F129CB7729FF7280002F3996 /* Podarkinator */,
			);
		};
/* End PBXProject section */

/* Begin PBXResourcesBuildPhase section */
		F129CB7629FF7280002F3996 /* Resources */ = {
			isa = PBXResourcesBuildPhase;
			buildActionMask = 2147483647;
			files = (
				F14D53662A2F902F00F8155D /* Montserrat-Bold.ttf in Resources */,
				F16E32D62A2F28F20023DE0B /* Colors.xcassets in Resources */,
				F129CB8429FF7281002F3996 /* Preview Assets.xcassets in Resources */,
				F14D53672A2F903200F8155D /* Montserrat-Regular.ttf in Resources */,
				F129CB8029FF7281002F3996 /* Assets.xcassets in Resources */,
			);
			runOnlyForDeploymentPostprocessing = 0;
		};
/* End PBXResourcesBuildPhase section */

/* Begin PBXSourcesBuildPhase section */
		F129CB7429FF7280002F3996 /* Sources */ = {
			isa = PBXSourcesBuildPhase;
			buildActionMask = 2147483647;
			files = (
				F129CBA829FF82E5002F3996 /* MainState.swift in Sources */,
				F129CB9829FF78F5002F3996 /* RootView.swift in Sources */,
				F1B31CBD2A35028500DC1D59 /* CustomInputsView.swift in Sources */,
				F129CBA629FF82E5002F3996 /* MainEnvironment.swift in Sources */,
				F1B31CBC2A35028500DC1D59 /* CustomInputsAction.swift in Sources */,
				F1B31CA72A34B33800DC1D59 /* NumberInputReducer.swift in Sources */,
				F16E32EE2A2F31A30023DE0B /* TopMainReducer.swift in Sources */,
				F1B31CC02A35028500DC1D59 /* CustomInputsState.swift in Sources */,
				F129CBA529FF82E5002F3996 /* MainView.swift in Sources */,
				F16E32F22A2F32D00023DE0B /* Fonts.swift in Sources */,
				F16E33152A2F564E0023DE0B /* SingleAnswerView.swift in Sources */,
				F16E32EF2A2F31A30023DE0B /* TopMainState.swift in Sources */,
				F1B31C992A34AF7100DC1D59 /* NameInputView.swift in Sources */,
				F16E33082A2F56290023DE0B /* AnswersAction.swift in Sources */,
				F16E331D2A2F5AC00023DE0B /* ScaleOnTap.swift in Sources */,
				F16E32FF2A2F39280023DE0B /* BottomMainState.swift in Sources */,
				F129CB9729FF78F5002F3996 /* RootAction.swift in Sources */,
				F129CBA429FF82E5002F3996 /* MainAction.swift in Sources */,
				F16E330A2A2F56290023DE0B /* AnswersEnvironment.swift in Sources */,
				F129CB9929FF78F5002F3996 /* RootEnvironment.swift in Sources */,
				F142BC042A29002800597045 /* SlideBuilder.swift in Sources */,
				F16E33162A2F564E0023DE0B /* SingleAnswerEnvironment.swift in Sources */,
				F1B31C9C2A34AF7100DC1D59 /* NameInputState.swift in Sources */,
				F142BBFA2A28B6EF00597045 /* Present.swift in Sources */,
				F142BC242A2C73A800597045 /* AnswerParameter.swift in Sources */,
				F142BBF72A28B39800597045 /* Answer.swift in Sources */,
				F142BBF42A28B34600597045 /* Slide.swift in Sources */,
				F16E33142A2F564E0023DE0B /* SingleAnswerAction.swift in Sources */,
				F129CB9B29FF78F5002F3996 /* RootState.swift in Sources */,
				F142BC022A28BBDE00597045 /* SlideNumber.swift in Sources */,
				F16E32FD2A2F39280023DE0B /* BottomMainEnvironment.swift in Sources */,
				F142BC092A2C644900597045 /* QuestionFabric.swift in Sources */,
				F1B31CA82A34B33800DC1D59 /* NumberInputState.swift in Sources */,
				F142BBF12A286BD700597045 /* Person.swift in Sources */,
				F129CB9A29FF78F5002F3996 /* RootReducer.swift in Sources */,
				F16E32D92A2F29570023DE0B /* Colors.swift in Sources */,
				F16E33172A2F564E0023DE0B /* SingleAnswerReducer.swift in Sources */,
				F1B31CBE2A35028500DC1D59 /* CustomInputsEnvironment.swift in Sources */,
				F16E32ED2A2F31A30023DE0B /* TopMainEnvironment.swift in Sources */,
				F16E330B2A2F56290023DE0B /* AnswersReducer.swift in Sources */,
				F1B31C982A34AF7100DC1D59 /* NameInputAction.swift in Sources */,
				F1B31CA42A34B33800DC1D59 /* NumberInputAction.swift in Sources */,
				F142BBFD2A28B83400597045 /* FlowManager.swift in Sources */,
				F16E32EC2A2F31A30023DE0B /* TopMainView.swift in Sources */,
				F16E32FC2A2F39280023DE0B /* BottomMainView.swift in Sources */,
				F16E32FE2A2F39280023DE0B /* BottomMainReducer.swift in Sources */,
				F16E33182A2F564E0023DE0B /* SingleAnswerState.swift in Sources */,
				F1B31CA62A34B33800DC1D59 /* NumberInputEnvironment.swift in Sources */,
				F129CB7C29FF7280002F3996 /* PodarkinatorApp.swift in Sources */,
				F1B31CBF2A35028500DC1D59 /* CustomInputsReducer.swift in Sources */,
				F16E32EB2A2F31A30023DE0B /* TopMainAction.swift in Sources */,
				F1B31CA52A34B33800DC1D59 /* NumberInputView.swift in Sources */,
				F142BC062A29004C00597045 /* AnswersFabric.swift in Sources */,
				F129CBA729FF82E5002F3996 /* MainReducer.swift in Sources */,
				F1B31C9A2A34AF7100DC1D59 /* NameInputEnvironment.swift in Sources */,
				F1B31C9B2A34AF7100DC1D59 /* NameInputReducer.swift in Sources */,
				F16E32FB2A2F39280023DE0B /* BottomMainAction.swift in Sources */,
				F16E33092A2F56290023DE0B /* AnswersView.swift in Sources */,
				F16E330C2A2F56290023DE0B /* AnswersState.swift in Sources */,
			);
			runOnlyForDeploymentPostprocessing = 0;
		};
/* End PBXSourcesBuildPhase section */

/* Begin XCBuildConfiguration section */
		F129CB8529FF7281002F3996 /* Debug */ = {
			isa = XCBuildConfiguration;
			buildSettings = {
				ALWAYS_SEARCH_USER_PATHS = NO;
				CLANG_ANALYZER_NONNULL = YES;
				CLANG_ANALYZER_NUMBER_OBJECT_CONVERSION = YES_AGGRESSIVE;
				CLANG_CXX_LANGUAGE_STANDARD = "gnu++20";
				CLANG_ENABLE_MODULES = YES;
				CLANG_ENABLE_OBJC_ARC = YES;
				CLANG_ENABLE_OBJC_WEAK = YES;
				CLANG_WARN_BLOCK_CAPTURE_AUTORELEASING = YES;
				CLANG_WARN_BOOL_CONVERSION = YES;
				CLANG_WARN_COMMA = YES;
				CLANG_WARN_CONSTANT_CONVERSION = YES;
				CLANG_WARN_DEPRECATED_OBJC_IMPLEMENTATIONS = YES;
				CLANG_WARN_DIRECT_OBJC_ISA_USAGE = YES_ERROR;
				CLANG_WARN_DOCUMENTATION_COMMENTS = YES;
				CLANG_WARN_EMPTY_BODY = YES;
				CLANG_WARN_ENUM_CONVERSION = YES;
				CLANG_WARN_INFINITE_RECURSION = YES;
				CLANG_WARN_INT_CONVERSION = YES;
				CLANG_WARN_NON_LITERAL_NULL_CONVERSION = YES;
				CLANG_WARN_OBJC_IMPLICIT_RETAIN_SELF = YES;
				CLANG_WARN_OBJC_LITERAL_CONVERSION = YES;
				CLANG_WARN_OBJC_ROOT_CLASS = YES_ERROR;
				CLANG_WARN_QUOTED_INCLUDE_IN_FRAMEWORK_HEADER = YES;
				CLANG_WARN_RANGE_LOOP_ANALYSIS = YES;
				CLANG_WARN_STRICT_PROTOTYPES = YES;
				CLANG_WARN_SUSPICIOUS_MOVE = YES;
				CLANG_WARN_UNGUARDED_AVAILABILITY = YES_AGGRESSIVE;
				CLANG_WARN_UNREACHABLE_CODE = YES;
				CLANG_WARN__DUPLICATE_METHOD_MATCH = YES;
				COPY_PHASE_STRIP = NO;
				DEBUG_INFORMATION_FORMAT = dwarf;
				ENABLE_STRICT_OBJC_MSGSEND = YES;
				ENABLE_TESTABILITY = YES;
				GCC_C_LANGUAGE_STANDARD = gnu11;
				GCC_DYNAMIC_NO_PIC = NO;
				GCC_NO_COMMON_BLOCKS = YES;
				GCC_OPTIMIZATION_LEVEL = 0;
				GCC_PREPROCESSOR_DEFINITIONS = (
					"DEBUG=1",
					"$(inherited)",
				);
				GCC_WARN_64_TO_32_BIT_CONVERSION = YES;
				GCC_WARN_ABOUT_RETURN_TYPE = YES_ERROR;
				GCC_WARN_UNDECLARED_SELECTOR = YES;
				GCC_WARN_UNINITIALIZED_AUTOS = YES_AGGRESSIVE;
				GCC_WARN_UNUSED_FUNCTION = YES;
				GCC_WARN_UNUSED_VARIABLE = YES;
				MTL_ENABLE_DEBUG_INFO = INCLUDE_SOURCE;
				MTL_FAST_MATH = YES;
				ONLY_ACTIVE_ARCH = YES;
				SWIFT_ACTIVE_COMPILATION_CONDITIONS = DEBUG;
				SWIFT_OPTIMIZATION_LEVEL = "-Onone";
			};
			name = Debug;
		};
		F129CB8629FF7281002F3996 /* Release */ = {
			isa = XCBuildConfiguration;
			buildSettings = {
				ALWAYS_SEARCH_USER_PATHS = NO;
				CLANG_ANALYZER_NONNULL = YES;
				CLANG_ANALYZER_NUMBER_OBJECT_CONVERSION = YES_AGGRESSIVE;
				CLANG_CXX_LANGUAGE_STANDARD = "gnu++20";
				CLANG_ENABLE_MODULES = YES;
				CLANG_ENABLE_OBJC_ARC = YES;
				CLANG_ENABLE_OBJC_WEAK = YES;
				CLANG_WARN_BLOCK_CAPTURE_AUTORELEASING = YES;
				CLANG_WARN_BOOL_CONVERSION = YES;
				CLANG_WARN_COMMA = YES;
				CLANG_WARN_CONSTANT_CONVERSION = YES;
				CLANG_WARN_DEPRECATED_OBJC_IMPLEMENTATIONS = YES;
				CLANG_WARN_DIRECT_OBJC_ISA_USAGE = YES_ERROR;
				CLANG_WARN_DOCUMENTATION_COMMENTS = YES;
				CLANG_WARN_EMPTY_BODY = YES;
				CLANG_WARN_ENUM_CONVERSION = YES;
				CLANG_WARN_INFINITE_RECURSION = YES;
				CLANG_WARN_INT_CONVERSION = YES;
				CLANG_WARN_NON_LITERAL_NULL_CONVERSION = YES;
				CLANG_WARN_OBJC_IMPLICIT_RETAIN_SELF = YES;
				CLANG_WARN_OBJC_LITERAL_CONVERSION = YES;
				CLANG_WARN_OBJC_ROOT_CLASS = YES_ERROR;
				CLANG_WARN_QUOTED_INCLUDE_IN_FRAMEWORK_HEADER = YES;
				CLANG_WARN_RANGE_LOOP_ANALYSIS = YES;
				CLANG_WARN_STRICT_PROTOTYPES = YES;
				CLANG_WARN_SUSPICIOUS_MOVE = YES;
				CLANG_WARN_UNGUARDED_AVAILABILITY = YES_AGGRESSIVE;
				CLANG_WARN_UNREACHABLE_CODE = YES;
				CLANG_WARN__DUPLICATE_METHOD_MATCH = YES;
				COPY_PHASE_STRIP = NO;
				DEBUG_INFORMATION_FORMAT = "dwarf-with-dsym";
				ENABLE_NS_ASSERTIONS = NO;
				ENABLE_STRICT_OBJC_MSGSEND = YES;
				GCC_C_LANGUAGE_STANDARD = gnu11;
				GCC_NO_COMMON_BLOCKS = YES;
				GCC_WARN_64_TO_32_BIT_CONVERSION = YES;
				GCC_WARN_ABOUT_RETURN_TYPE = YES_ERROR;
				GCC_WARN_UNDECLARED_SELECTOR = YES;
				GCC_WARN_UNINITIALIZED_AUTOS = YES_AGGRESSIVE;
				GCC_WARN_UNUSED_FUNCTION = YES;
				GCC_WARN_UNUSED_VARIABLE = YES;
				MTL_ENABLE_DEBUG_INFO = NO;
				MTL_FAST_MATH = YES;
				SWIFT_COMPILATION_MODE = wholemodule;
				SWIFT_OPTIMIZATION_LEVEL = "-O";
			};
			name = Release;
		};
		F129CB8829FF7281002F3996 /* Debug */ = {
			isa = XCBuildConfiguration;
			buildSettings = {
				ASSETCATALOG_COMPILER_APPICON_NAME = AppIcon;
				ASSETCATALOG_COMPILER_GLOBAL_ACCENT_COLOR_NAME = AccentColor;
				CODE_SIGN_ENTITLEMENTS = Podarkinator/App/Podarkinator.entitlements;
				CODE_SIGN_STYLE = Automatic;
				CURRENT_PROJECT_VERSION = 1;
				DEVELOPMENT_ASSET_PATHS = "\"Podarkinator/Preview Content\"";
				DEVELOPMENT_TEAM = 452NG5983H;
				ENABLE_HARDENED_RUNTIME = YES;
				ENABLE_PREVIEWS = YES;
				GENERATE_INFOPLIST_FILE = YES;
				INFOPLIST_FILE = Podarkinator/Info.plist;
				"INFOPLIST_KEY_UIApplicationSceneManifest_Generation[sdk=iphoneos*]" = YES;
				"INFOPLIST_KEY_UIApplicationSceneManifest_Generation[sdk=iphonesimulator*]" = YES;
				"INFOPLIST_KEY_UIApplicationSupportsIndirectInputEvents[sdk=iphoneos*]" = YES;
				"INFOPLIST_KEY_UIApplicationSupportsIndirectInputEvents[sdk=iphonesimulator*]" = YES;
				"INFOPLIST_KEY_UILaunchScreen_Generation[sdk=iphoneos*]" = YES;
				"INFOPLIST_KEY_UILaunchScreen_Generation[sdk=iphonesimulator*]" = YES;
				"INFOPLIST_KEY_UIStatusBarStyle[sdk=iphoneos*]" = UIStatusBarStyleDefault;
				"INFOPLIST_KEY_UIStatusBarStyle[sdk=iphonesimulator*]" = UIStatusBarStyleDefault;
				INFOPLIST_KEY_UISupportedInterfaceOrientations_iPad = "UIInterfaceOrientationPortrait UIInterfaceOrientationPortraitUpsideDown UIInterfaceOrientationLandscapeLeft UIInterfaceOrientationLandscapeRight";
				INFOPLIST_KEY_UISupportedInterfaceOrientations_iPhone = "UIInterfaceOrientationPortrait UIInterfaceOrientationLandscapeLeft UIInterfaceOrientationLandscapeRight";
				IPHONEOS_DEPLOYMENT_TARGET = 16.0;
				LD_RUNPATH_SEARCH_PATHS = "@executable_path/Frameworks";
				"LD_RUNPATH_SEARCH_PATHS[sdk=macosx*]" = "@executable_path/../Frameworks";
				MACOSX_DEPLOYMENT_TARGET = 13.3;
				MARKETING_VERSION = 1.0;
				PRODUCT_BUNDLE_IDENTIFIER = com.drillKambojazz.Podarkinator;
				PRODUCT_NAME = "$(TARGET_NAME)";
				SDKROOT = auto;
				SUPPORTED_PLATFORMS = "iphoneos iphonesimulator";
				SUPPORTS_MACCATALYST = NO;
				SUPPORTS_MAC_DESIGNED_FOR_IPHONE_IPAD = NO;
				SWIFT_EMIT_LOC_STRINGS = YES;
				SWIFT_VERSION = 5.0;
				TARGETED_DEVICE_FAMILY = 1;
			};
			name = Debug;
		};
		F129CB8929FF7281002F3996 /* Release */ = {
			isa = XCBuildConfiguration;
			buildSettings = {
				ASSETCATALOG_COMPILER_APPICON_NAME = AppIcon;
				ASSETCATALOG_COMPILER_GLOBAL_ACCENT_COLOR_NAME = AccentColor;
				CODE_SIGN_ENTITLEMENTS = Podarkinator/App/Podarkinator.entitlements;
				CODE_SIGN_STYLE = Automatic;
				CURRENT_PROJECT_VERSION = 1;
				DEVELOPMENT_ASSET_PATHS = "\"Podarkinator/Preview Content\"";
				DEVELOPMENT_TEAM = 452NG5983H;
				ENABLE_HARDENED_RUNTIME = YES;
				ENABLE_PREVIEWS = YES;
				GENERATE_INFOPLIST_FILE = YES;
				INFOPLIST_FILE = Podarkinator/Info.plist;
				"INFOPLIST_KEY_UIApplicationSceneManifest_Generation[sdk=iphoneos*]" = YES;
				"INFOPLIST_KEY_UIApplicationSceneManifest_Generation[sdk=iphonesimulator*]" = YES;
				"INFOPLIST_KEY_UIApplicationSupportsIndirectInputEvents[sdk=iphoneos*]" = YES;
				"INFOPLIST_KEY_UIApplicationSupportsIndirectInputEvents[sdk=iphonesimulator*]" = YES;
				"INFOPLIST_KEY_UILaunchScreen_Generation[sdk=iphoneos*]" = YES;
				"INFOPLIST_KEY_UILaunchScreen_Generation[sdk=iphonesimulator*]" = YES;
				"INFOPLIST_KEY_UIStatusBarStyle[sdk=iphoneos*]" = UIStatusBarStyleDefault;
				"INFOPLIST_KEY_UIStatusBarStyle[sdk=iphonesimulator*]" = UIStatusBarStyleDefault;
				INFOPLIST_KEY_UISupportedInterfaceOrientations_iPad = "UIInterfaceOrientationPortrait UIInterfaceOrientationPortraitUpsideDown UIInterfaceOrientationLandscapeLeft UIInterfaceOrientationLandscapeRight";
				INFOPLIST_KEY_UISupportedInterfaceOrientations_iPhone = "UIInterfaceOrientationPortrait UIInterfaceOrientationLandscapeLeft UIInterfaceOrientationLandscapeRight";
				IPHONEOS_DEPLOYMENT_TARGET = 16.0;
				LD_RUNPATH_SEARCH_PATHS = "@executable_path/Frameworks";
				"LD_RUNPATH_SEARCH_PATHS[sdk=macosx*]" = "@executable_path/../Frameworks";
				MACOSX_DEPLOYMENT_TARGET = 13.3;
				MARKETING_VERSION = 1.0;
				PRODUCT_BUNDLE_IDENTIFIER = com.drillKambojazz.Podarkinator;
				PRODUCT_NAME = "$(TARGET_NAME)";
				SDKROOT = auto;
				SUPPORTED_PLATFORMS = "iphoneos iphonesimulator";
				SUPPORTS_MACCATALYST = NO;
				SUPPORTS_MAC_DESIGNED_FOR_IPHONE_IPAD = NO;
				SWIFT_EMIT_LOC_STRINGS = YES;
				SWIFT_VERSION = 5.0;
				TARGETED_DEVICE_FAMILY = 1;
			};
			name = Release;
		};
/* End XCBuildConfiguration section */

/* Begin XCConfigurationList section */
		F129CB7329FF7280002F3996 /* Build configuration list for PBXProject "Podarkinator" */ = {
			isa = XCConfigurationList;
			buildConfigurations = (
				F129CB8529FF7281002F3996 /* Debug */,
				F129CB8629FF7281002F3996 /* Release */,
			);
			defaultConfigurationIsVisible = 0;
			defaultConfigurationName = Release;
		};
		F129CB8729FF7281002F3996 /* Build configuration list for PBXNativeTarget "Podarkinator" */ = {
			isa = XCConfigurationList;
			buildConfigurations = (
				F129CB8829FF7281002F3996 /* Debug */,
				F129CB8929FF7281002F3996 /* Release */,
			);
			defaultConfigurationIsVisible = 0;
			defaultConfigurationName = Release;
		};
/* End XCConfigurationList section */

/* Begin XCRemoteSwiftPackageReference section */
		F129CB8E29FF7778002F3996 /* XCRemoteSwiftPackageReference "swift-composable-architecture" */ = {
			isa = XCRemoteSwiftPackageReference;
			repositoryURL = "https://github.com/pointfreeco/swift-composable-architecture";
			requirement = {
				kind = upToNextMajorVersion;
				minimumVersion = 0.52.0;
			};
		};
/* End XCRemoteSwiftPackageReference section */

/* Begin XCSwiftPackageProductDependency section */
		F129CB8F29FF7778002F3996 /* ComposableArchitecture */ = {
			isa = XCSwiftPackageProductDependency;
			package = F129CB8E29FF7778002F3996 /* XCRemoteSwiftPackageReference "swift-composable-architecture" */;
			productName = ComposableArchitecture;
		};
/* End XCSwiftPackageProductDependency section */
	};
	rootObject = F129CB7029FF7280002F3996 /* Project object */;
}
